Microsoft Visual Studio Solution File, Format Version 12.00
# Visual Studio Version 17
VisualStudioVersion = 17.8.34330.188
MinimumVisualStudioVersion = 10.0.40219.1
Project("{9A19103F-16F7-4668-BE54-9A1E7A4F7556}") = "FsmSerializer", "FsmSerializer\FsmSerializer.csproj", "{9B5B381D-25BA-485E-88C2-AC5F47D1EEFB}"
EndProject
Project("{9A19103F-16F7-4668-BE54-9A1E7A4F7556}") = "ColEditor", "ColEditor\ColEditor.csproj", "{FB5FB3A6-5DC4-4179-A3E5-850418E3B11A}"
EndProject
Project("{9A19103F-16F7-4668-BE54-9A1E7A4F7556}") = "QuestEndSkip", "QuestEndSkip\QuestEndSkip.csproj", "{5D7FAEA3-0A0B-4408-B229-57888991FE3D}"
EndProject
Project("{9A19103F-16F7-4668-BE54-9A1E7A4F7556}") = "LmtColMapper", "LmtColMapper\LmtColMapper.csproj", "{273146D6-CB30-4125-B551-BEC545FCC1F3}"
EndProject
Project("{9A19103F-16F7-4668-BE54-9A1E7A4F7556}") = "GeneralUtility", "GeneralUtility\GeneralUtility.csproj", "{2904C391-E96A-4DCC-BBC0-725F5BA01F80}"
EndProject
Project("{9A19103F-16F7-4668-BE54-9A1E7A4F7556}") = "WinFormsApp1", "WinFormsApp1\WinFormsApp1.csproj", "{3B76F697-B5C8-4636-A7DC-1734A0B35503}"
EndProject
Project("{9A19103F-16F7-4668-BE54-9A1E7A4F7556}") = "FsmEditor", "WpfLibrary1\FsmEditor.csproj", "{9EBF82CD-FA50-41D1-BB40-09F987B17FE4}"
EndProject
Project("{9A19103F-16F7-4668-BE54-9A1E7A4F7556}") = "WpfApp1", "WpfApp1\WpfApp1.csproj", "{679708B9-70E5-4237-B1C9-BD45C173CAB8}"
EndProject
Project("{FAE04EC0-301F-11D3-BF4B-00C04F79EFBC}") = "XFsm", "XFsm\XFsm.csproj", "{11F11184-24C0-4221-BDC0-9D2091FA7216}"
EndProject
Project("{8BC9CEB8-8B4A-11D0-8D11-00A0C91BC942}") = "XFsm.Native", "XFsm.Native\XFsm.Native.vcxproj", "{C15D97FA-AD7C-4D77-A828-10358D07123B}"
EndProject
Global
	GlobalSection(SolutionConfigurationPlatforms) = preSolution
		Debug|Any CPU = Debug|Any CPU
		Debug|ARM64 = Debug|ARM64
		Debug|x64 = Debug|x64
		Debug|x86 = Debug|x86
		Release|Any CPU = Release|Any CPU
		Release|ARM64 = Release|ARM64
		Release|x64 = Release|x64
		Release|x86 = Release|x86
	EndGlobalSection
	GlobalSection(ProjectConfigurationPlatforms) = postSolution
		{9B5B381D-25BA-485E-88C2-AC5F47D1EEFB}.Debug|Any CPU.ActiveCfg = Debug|Any CPU
		{9B5B381D-25BA-485E-88C2-AC5F47D1EEFB}.Debug|Any CPU.Build.0 = Debug|Any CPU
		{9B5B381D-25BA-485E-88C2-AC5F47D1EEFB}.Debug|ARM64.ActiveCfg = Debug|Any CPU
		{9B5B381D-25BA-485E-88C2-AC5F47D1EEFB}.Debug|ARM64.Build.0 = Debug|Any CPU
		{9B5B381D-25BA-485E-88C2-AC5F47D1EEFB}.Debug|x64.ActiveCfg = Debug|Any CPU
		{9B5B381D-25BA-485E-88C2-AC5F47D1EEFB}.Debug|x64.Build.0 = Debug|Any CPU
		{9B5B381D-25BA-485E-88C2-AC5F47D1EEFB}.Debug|x86.ActiveCfg = Debug|Any CPU
		{9B5B381D-25BA-485E-88C2-AC5F47D1EEFB}.Debug|x86.Build.0 = Debug|Any CPU
		{9B5B381D-25BA-485E-88C2-AC5F47D1EEFB}.Release|Any CPU.ActiveCfg = Release|Any CPU
		{9B5B381D-25BA-485E-88C2-AC5F47D1EEFB}.Release|Any CPU.Build.0 = Release|Any CPU
		{9B5B381D-25BA-485E-88C2-AC5F47D1EEFB}.Release|ARM64.ActiveCfg = Release|Any CPU
		{9B5B381D-25BA-485E-88C2-AC5F47D1EEFB}.Release|ARM64.Build.0 = Release|Any CPU
		{9B5B381D-25BA-485E-88C2-AC5F47D1EEFB}.Release|x64.ActiveCfg = Release|Any CPU
		{9B5B381D-25BA-485E-88C2-AC5F47D1EEFB}.Release|x64.Build.0 = Release|Any CPU
		{9B5B381D-25BA-485E-88C2-AC5F47D1EEFB}.Release|x86.ActiveCfg = Release|Any CPU
		{9B5B381D-25BA-485E-88C2-AC5F47D1EEFB}.Release|x86.Build.0 = Release|Any CPU
		{FB5FB3A6-5DC4-4179-A3E5-850418E3B11A}.Debug|Any CPU.ActiveCfg = Debug|Any CPU
		{FB5FB3A6-5DC4-4179-A3E5-850418E3B11A}.Debug|Any CPU.Build.0 = Debug|Any CPU
		{FB5FB3A6-5DC4-4179-A3E5-850418E3B11A}.Debug|ARM64.ActiveCfg = Debug|Any CPU
		{FB5FB3A6-5DC4-4179-A3E5-850418E3B11A}.Debug|ARM64.Build.0 = Debug|Any CPU
		{FB5FB3A6-5DC4-4179-A3E5-850418E3B11A}.Debug|x64.ActiveCfg = Debug|Any CPU
		{FB5FB3A6-5DC4-4179-A3E5-850418E3B11A}.Debug|x64.Build.0 = Debug|Any CPU
		{FB5FB3A6-5DC4-4179-A3E5-850418E3B11A}.Debug|x86.ActiveCfg = Debug|Any CPU
		{FB5FB3A6-5DC4-4179-A3E5-850418E3B11A}.Debug|x86.Build.0 = Debug|Any CPU
		{FB5FB3A6-5DC4-4179-A3E5-850418E3B11A}.Release|Any CPU.ActiveCfg = Release|Any CPU
		{FB5FB3A6-5DC4-4179-A3E5-850418E3B11A}.Release|Any CPU.Build.0 = Release|Any CPU
		{FB5FB3A6-5DC4-4179-A3E5-850418E3B11A}.Release|ARM64.ActiveCfg = Release|Any CPU
		{FB5FB3A6-5DC4-4179-A3E5-850418E3B11A}.Release|ARM64.Build.0 = Release|Any CPU
		{FB5FB3A6-5DC4-4179-A3E5-850418E3B11A}.Release|x64.ActiveCfg = Release|Any CPU
		{FB5FB3A6-5DC4-4179-A3E5-850418E3B11A}.Release|x64.Build.0 = Release|Any CPU
		{FB5FB3A6-5DC4-4179-A3E5-850418E3B11A}.Release|x86.ActiveCfg = Release|Any CPU
		{FB5FB3A6-5DC4-4179-A3E5-850418E3B11A}.Release|x86.Build.0 = Release|Any CPU
		{5D7FAEA3-0A0B-4408-B229-57888991FE3D}.Debug|Any CPU.ActiveCfg = Debug|Any CPU
		{5D7FAEA3-0A0B-4408-B229-57888991FE3D}.Debug|Any CPU.Build.0 = Debug|Any CPU
		{5D7FAEA3-0A0B-4408-B229-57888991FE3D}.Debug|ARM64.ActiveCfg = Debug|Any CPU
		{5D7FAEA3-0A0B-4408-B229-57888991FE3D}.Debug|ARM64.Build.0 = Debug|Any CPU
		{5D7FAEA3-0A0B-4408-B229-57888991FE3D}.Debug|x64.ActiveCfg = Debug|Any CPU
		{5D7FAEA3-0A0B-4408-B229-57888991FE3D}.Debug|x64.Build.0 = Debug|Any CPU
		{5D7FAEA3-0A0B-4408-B229-57888991FE3D}.Debug|x86.ActiveCfg = Debug|Any CPU
		{5D7FAEA3-0A0B-4408-B229-57888991FE3D}.Debug|x86.Build.0 = Debug|Any CPU
		{5D7FAEA3-0A0B-4408-B229-57888991FE3D}.Release|Any CPU.ActiveCfg = Release|Any CPU
		{5D7FAEA3-0A0B-4408-B229-57888991FE3D}.Release|Any CPU.Build.0 = Release|Any CPU
		{5D7FAEA3-0A0B-4408-B229-57888991FE3D}.Release|ARM64.ActiveCfg = Release|Any CPU
		{5D7FAEA3-0A0B-4408-B229-57888991FE3D}.Release|ARM64.Build.0 = Release|Any CPU
		{5D7FAEA3-0A0B-4408-B229-57888991FE3D}.Release|x64.ActiveCfg = Release|Any CPU
		{5D7FAEA3-0A0B-4408-B229-57888991FE3D}.Release|x64.Build.0 = Release|Any CPU
		{5D7FAEA3-0A0B-4408-B229-57888991FE3D}.Release|x86.ActiveCfg = Release|Any CPU
		{5D7FAEA3-0A0B-4408-B229-57888991FE3D}.Release|x86.Build.0 = Release|Any CPU
		{273146D6-CB30-4125-B551-BEC545FCC1F3}.Debug|Any CPU.ActiveCfg = Debug|Any CPU
		{273146D6-CB30-4125-B551-BEC545FCC1F3}.Debug|Any CPU.Build.0 = Debug|Any CPU
		{273146D6-CB30-4125-B551-BEC545FCC1F3}.Debug|ARM64.ActiveCfg = Debug|Any CPU
		{273146D6-CB30-4125-B551-BEC545FCC1F3}.Debug|ARM64.Build.0 = Debug|Any CPU
		{273146D6-CB30-4125-B551-BEC545FCC1F3}.Debug|x64.ActiveCfg = Debug|Any CPU
		{273146D6-CB30-4125-B551-BEC545FCC1F3}.Debug|x64.Build.0 = Debug|Any CPU
		{273146D6-CB30-4125-B551-BEC545FCC1F3}.Debug|x86.ActiveCfg = Debug|Any CPU
		{273146D6-CB30-4125-B551-BEC545FCC1F3}.Debug|x86.Build.0 = Debug|Any CPU
		{273146D6-CB30-4125-B551-BEC545FCC1F3}.Release|Any CPU.ActiveCfg = Release|Any CPU
		{273146D6-CB30-4125-B551-BEC545FCC1F3}.Release|Any CPU.Build.0 = Release|Any CPU
		{273146D6-CB30-4125-B551-BEC545FCC1F3}.Release|ARM64.ActiveCfg = Release|Any CPU
		{273146D6-CB30-4125-B551-BEC545FCC1F3}.Release|ARM64.Build.0 = Release|Any CPU
		{273146D6-CB30-4125-B551-BEC545FCC1F3}.Release|x64.ActiveCfg = Release|Any CPU
		{273146D6-CB30-4125-B551-BEC545FCC1F3}.Release|x64.Build.0 = Release|Any CPU
		{273146D6-CB30-4125-B551-BEC545FCC1F3}.Release|x86.ActiveCfg = Release|Any CPU
		{273146D6-CB30-4125-B551-BEC545FCC1F3}.Release|x86.Build.0 = Release|Any CPU
		{2904C391-E96A-4DCC-BBC0-725F5BA01F80}.Debug|Any CPU.ActiveCfg = Debug|Any CPU
		{2904C391-E96A-4DCC-BBC0-725F5BA01F80}.Debug|Any CPU.Build.0 = Debug|Any CPU
		{2904C391-E96A-4DCC-BBC0-725F5BA01F80}.Debug|ARM64.ActiveCfg = Debug|Any CPU
		{2904C391-E96A-4DCC-BBC0-725F5BA01F80}.Debug|ARM64.Build.0 = Debug|Any CPU
		{2904C391-E96A-4DCC-BBC0-725F5BA01F80}.Debug|x64.ActiveCfg = Debug|Any CPU
		{2904C391-E96A-4DCC-BBC0-725F5BA01F80}.Debug|x64.Build.0 = Debug|Any CPU
		{2904C391-E96A-4DCC-BBC0-725F5BA01F80}.Debug|x86.ActiveCfg = Debug|Any CPU
		{2904C391-E96A-4DCC-BBC0-725F5BA01F80}.Debug|x86.Build.0 = Debug|Any CPU
		{2904C391-E96A-4DCC-BBC0-725F5BA01F80}.Release|Any CPU.ActiveCfg = Release|Any CPU
		{2904C391-E96A-4DCC-BBC0-725F5BA01F80}.Release|Any CPU.Build.0 = Release|Any CPU
		{2904C391-E96A-4DCC-BBC0-725F5BA01F80}.Release|ARM64.ActiveCfg = Release|Any CPU
		{2904C391-E96A-4DCC-BBC0-725F5BA01F80}.Release|ARM64.Build.0 = Release|Any CPU
		{2904C391-E96A-4DCC-BBC0-725F5BA01F80}.Release|x64.ActiveCfg = Release|Any CPU
		{2904C391-E96A-4DCC-BBC0-725F5BA01F80}.Release|x64.Build.0 = Release|Any CPU
		{2904C391-E96A-4DCC-BBC0-725F5BA01F80}.Release|x86.ActiveCfg = Release|Any CPU
		{2904C391-E96A-4DCC-BBC0-725F5BA01F80}.Release|x86.Build.0 = Release|Any CPU
		{3B76F697-B5C8-4636-A7DC-1734A0B35503}.Debug|Any CPU.ActiveCfg = Debug|Any CPU
		{3B76F697-B5C8-4636-A7DC-1734A0B35503}.Debug|Any CPU.Build.0 = Debug|Any CPU
		{3B76F697-B5C8-4636-A7DC-1734A0B35503}.Debug|ARM64.ActiveCfg = Debug|Any CPU
		{3B76F697-B5C8-4636-A7DC-1734A0B35503}.Debug|ARM64.Build.0 = Debug|Any CPU
		{3B76F697-B5C8-4636-A7DC-1734A0B35503}.Debug|x64.ActiveCfg = Debug|Any CPU
		{3B76F697-B5C8-4636-A7DC-1734A0B35503}.Debug|x64.Build.0 = Debug|Any CPU
		{3B76F697-B5C8-4636-A7DC-1734A0B35503}.Debug|x86.ActiveCfg = Debug|Any CPU
		{3B76F697-B5C8-4636-A7DC-1734A0B35503}.Debug|x86.Build.0 = Debug|Any CPU
		{3B76F697-B5C8-4636-A7DC-1734A0B35503}.Release|Any CPU.ActiveCfg = Release|Any CPU
		{3B76F697-B5C8-4636-A7DC-1734A0B35503}.Release|Any CPU.Build.0 = Release|Any CPU
		{3B76F697-B5C8-4636-A7DC-1734A0B35503}.Release|ARM64.ActiveCfg = Release|Any CPU
		{3B76F697-B5C8-4636-A7DC-1734A0B35503}.Release|ARM64.Build.0 = Release|Any CPU
		{3B76F697-B5C8-4636-A7DC-1734A0B35503}.Release|x64.ActiveCfg = Release|Any CPU
		{3B76F697-B5C8-4636-A7DC-1734A0B35503}.Release|x64.Build.0 = Release|Any CPU
		{3B76F697-B5C8-4636-A7DC-1734A0B35503}.Release|x86.ActiveCfg = Release|Any CPU
		{3B76F697-B5C8-4636-A7DC-1734A0B35503}.Release|x86.Build.0 = Release|Any CPU
		{9EBF82CD-FA50-41D1-BB40-09F987B17FE4}.Debug|Any CPU.ActiveCfg = Debug|Any CPU
		{9EBF82CD-FA50-41D1-BB40-09F987B17FE4}.Debug|Any CPU.Build.0 = Debug|Any CPU
		{9EBF82CD-FA50-41D1-BB40-09F987B17FE4}.Debug|ARM64.ActiveCfg = Debug|Any CPU
		{9EBF82CD-FA50-41D1-BB40-09F987B17FE4}.Debug|ARM64.Build.0 = Debug|Any CPU
		{9EBF82CD-FA50-41D1-BB40-09F987B17FE4}.Debug|x64.ActiveCfg = Debug|Any CPU
		{9EBF82CD-FA50-41D1-BB40-09F987B17FE4}.Debug|x64.Build.0 = Debug|Any CPU
		{9EBF82CD-FA50-41D1-BB40-09F987B17FE4}.Debug|x86.ActiveCfg = Debug|Any CPU
		{9EBF82CD-FA50-41D1-BB40-09F987B17FE4}.Debug|x86.Build.0 = Debug|Any CPU
		{9EBF82CD-FA50-41D1-BB40-09F987B17FE4}.Release|Any CPU.ActiveCfg = Release|Any CPU
		{9EBF82CD-FA50-41D1-BB40-09F987B17FE4}.Release|Any CPU.Build.0 = Release|Any CPU
		{9EBF82CD-FA50-41D1-BB40-09F987B17FE4}.Release|ARM64.ActiveCfg = Release|Any CPU
		{9EBF82CD-FA50-41D1-BB40-09F987B17FE4}.Release|ARM64.Build.0 = Release|Any CPU
		{9EBF82CD-FA50-41D1-BB40-09F987B17FE4}.Release|x64.ActiveCfg = Release|Any CPU
		{9EBF82CD-FA50-41D1-BB40-09F987B17FE4}.Release|x64.Build.0 = Release|Any CPU
		{9EBF82CD-FA50-41D1-BB40-09F987B17FE4}.Release|x86.ActiveCfg = Release|Any CPU
		{9EBF82CD-FA50-41D1-BB40-09F987B17FE4}.Release|x86.Build.0 = Release|Any CPU
		{679708B9-70E5-4237-B1C9-BD45C173CAB8}.Debug|Any CPU.ActiveCfg = Debug|Any CPU
		{679708B9-70E5-4237-B1C9-BD45C173CAB8}.Debug|Any CPU.Build.0 = Debug|Any CPU
		{679708B9-70E5-4237-B1C9-BD45C173CAB8}.Debug|ARM64.ActiveCfg = Debug|Any CPU
		{679708B9-70E5-4237-B1C9-BD45C173CAB8}.Debug|ARM64.Build.0 = Debug|Any CPU
		{679708B9-70E5-4237-B1C9-BD45C173CAB8}.Debug|x64.ActiveCfg = Debug|Any CPU
		{679708B9-70E5-4237-B1C9-BD45C173CAB8}.Debug|x64.Build.0 = Debug|Any CPU
		{679708B9-70E5-4237-B1C9-BD45C173CAB8}.Debug|x86.ActiveCfg = Debug|Any CPU
		{679708B9-70E5-4237-B1C9-BD45C173CAB8}.Debug|x86.Build.0 = Debug|Any CPU
		{679708B9-70E5-4237-B1C9-BD45C173CAB8}.Release|Any CPU.ActiveCfg = Release|Any CPU
		{679708B9-70E5-4237-B1C9-BD45C173CAB8}.Release|Any CPU.Build.0 = Release|Any CPU
		{679708B9-70E5-4237-B1C9-BD45C173CAB8}.Release|ARM64.ActiveCfg = Release|Any CPU
		{679708B9-70E5-4237-B1C9-BD45C173CAB8}.Release|ARM64.Build.0 = Release|Any CPU
		{679708B9-70E5-4237-B1C9-BD45C173CAB8}.Release|x64.ActiveCfg = Release|Any CPU
		{679708B9-70E5-4237-B1C9-BD45C173CAB8}.Release|x64.Build.0 = Release|Any CPU
		{679708B9-70E5-4237-B1C9-BD45C173CAB8}.Release|x86.ActiveCfg = Release|Any CPU
		{679708B9-70E5-4237-B1C9-BD45C173CAB8}.Release|x86.Build.0 = Release|Any CPU
		{11F11184-24C0-4221-BDC0-9D2091FA7216}.Debug|Any CPU.ActiveCfg = Debug|Any CPU
		{11F11184-24C0-4221-BDC0-9D2091FA7216}.Debug|Any CPU.Build.0 = Debug|Any CPU
		{11F11184-24C0-4221-BDC0-9D2091FA7216}.Debug|ARM64.ActiveCfg = Debug|Any CPU
		{11F11184-24C0-4221-BDC0-9D2091FA7216}.Debug|ARM64.Build.0 = Debug|Any CPU
		{11F11184-24C0-4221-BDC0-9D2091FA7216}.Debug|x64.ActiveCfg = Debug|Any CPU
		{11F11184-24C0-4221-BDC0-9D2091FA7216}.Debug|x64.Build.0 = Debug|Any CPU
		{11F11184-24C0-4221-BDC0-9D2091FA7216}.Debug|x86.ActiveCfg = Debug|Any CPU
		{11F11184-24C0-4221-BDC0-9D2091FA7216}.Debug|x86.Build.0 = Debug|Any CPU
		{11F11184-24C0-4221-BDC0-9D2091FA7216}.Release|Any CPU.ActiveCfg = Release|Any CPU
		{11F11184-24C0-4221-BDC0-9D2091FA7216}.Release|Any CPU.Build.0 = Release|Any CPU
		{11F11184-24C0-4221-BDC0-9D2091FA7216}.Release|ARM64.ActiveCfg = Release|Any CPU
		{11F11184-24C0-4221-BDC0-9D2091FA7216}.Release|ARM64.Build.0 = Release|Any CPU
		{11F11184-24C0-4221-BDC0-9D2091FA7216}.Release|x64.ActiveCfg = Release|Any CPU
		{11F11184-24C0-4221-BDC0-9D2091FA7216}.Release|x64.Build.0 = Release|Any CPU
		{11F11184-24C0-4221-BDC0-9D2091FA7216}.Release|x86.ActiveCfg = Release|Any CPU
		{11F11184-24C0-4221-BDC0-9D2091FA7216}.Release|x86.Build.0 = Release|Any CPU
		{C15D97FA-AD7C-4D77-A828-10358D07123B}.Debug|Any CPU.ActiveCfg = Debug|x64
		{C15D97FA-AD7C-4D77-A828-10358D07123B}.Debug|Any CPU.Build.0 = Debug|x64
		{C15D97FA-AD7C-4D77-A828-10358D07123B}.Debug|ARM64.ActiveCfg = Debug|x64
		{C15D97FA-AD7C-4D77-A828-10358D07123B}.Debug|ARM64.Build.0 = Debug|x64
		{C15D97FA-AD7C-4D77-A828-10358D07123B}.Debug|x64.ActiveCfg = Debug|x64
		{C15D97FA-AD7C-4D77-A828-10358D07123B}.Debug|x64.Build.0 = Debug|x64
		{C15D97FA-AD7C-4D77-A828-10358D07123B}.Debug|x86.ActiveCfg = Debug|Win32
		{C15D97FA-AD7C-4D77-A828-10358D07123B}.Debug|x86.Build.0 = Debug|Win32
		{C15D97FA-AD7C-4D77-A828-10358D07123B}.Release|Any CPU.ActiveCfg = Release|x64
		{C15D97FA-AD7C-4D77-A828-10358D07123B}.Release|Any CPU.Build.0 = Release|x64
		{C15D97FA-AD7C-4D77-A828-10358D07123B}.Release|ARM64.ActiveCfg = Release|x64
		{C15D97FA-AD7C-4D77-A828-10358D07123B}.Release|ARM64.Build.0 = Release|x64
		{C15D97FA-AD7C-4D77-A828-10358D07123B}.Release|x64.ActiveCfg = Release|x64
		{C15D97FA-AD7C-4D77-A828-10358D07123B}.Release|x64.Build.0 = Release|x64
		{C15D97FA-AD7C-4D77-A828-10358D07123B}.Release|x86.ActiveCfg = Release|Win32
		{C15D97FA-AD7C-4D77-A828-10358D07123B}.Release|x86.Build.0 = Release|Win32
	EndGlobalSection
	GlobalSection(SolutionProperties) = preSolution
		HideSolutionNode = FALSE
	EndGlobalSection
	GlobalSection(ExtensibilityGlobals) = postSolution
		SolutionGuid = {6471B4A1-EF97-465D-B4B2-0767A0397C0B}
	EndGlobalSection
EndGlobal
