<?xml version="1.0" encoding="utf-8"?>
<Project ToolsVersion="17.0" xmlns="http://schemas.microsoft.com/developer/msbuild/2003">
  <ItemGroup>
    <ClCompile Include="F:\source\repos\SharpPluginLoaderExamples\XFsm.Native\dependencies\imgui-node-editor\crude_json.cpp" />
    <ClCompile Include="F:\source\repos\SharpPluginLoaderExamples\XFsm.Native\dependencies\imgui-node-editor\imgui_canvas.cpp" />
    <ClCompile Include="F:\source\repos\SharpPluginLoaderExamples\XFsm.Native\dependencies\imgui-node-editor\imgui_node_editor_api.cpp" />
    <ClCompile Include="F:\source\repos\SharpPluginLoaderExamples\XFsm.Native\dependencies\imgui-node-editor\imgui_node_editor.cpp" />
  </ItemGroup>
  <ItemGroup>
    <ClInclude Include="F:\source\repos\SharpPluginLoaderExamples\XFsm.Native\dependencies\imgui-node-editor\crude_json.h" />
    <ClInclude Include="F:\source\repos\SharpPluginLoaderExamples\XFsm.Native\dependencies\imgui-node-editor\imgui_bezier_math.h" />
    <ClInclude Include="F:\source\repos\SharpPluginLoaderExamples\XFsm.Native\dependencies\imgui-node-editor\imgui_bezier_math.inl" />
    <ClInclude Include="F:\source\repos\SharpPluginLoaderExamples\XFsm.Native\dependencies\imgui-node-editor\imgui_canvas.h" />
    <ClInclude Include="F:\source\repos\SharpPluginLoaderExamples\XFsm.Native\dependencies\imgui-node-editor\imgui_extra_math.h" />
    <ClInclude Include="F:\source\repos\SharpPluginLoaderExamples\XFsm.Native\dependencies\imgui-node-editor\imgui_extra_math.inl" />
    <ClInclude Include="F:\source\repos\SharpPluginLoaderExamples\XFsm.Native\dependencies\imgui-node-editor\imgui_node_editor_internal.h" />
    <ClInclude Include="F:\source\repos\SharpPluginLoaderExamples\XFsm.Native\dependencies\imgui-node-editor\imgui_node_editor_internal.inl" />
    <ClInclude Include="F:\source\repos\SharpPluginLoaderExamples\XFsm.Native\dependencies\imgui-node-editor\imgui_node_editor.h" />
  </ItemGroup>
  <ItemGroup>
    <CustomBuild Include="F:\source\repos\SharpPluginLoaderExamples\XFsm.Native\dependencies\imgui-node-editor\examples\canvas-example\CMakeLists.txt" />
  </ItemGroup>
  <ItemGroup>
    <Natvis Include="F:\source\repos\SharpPluginLoaderExamples\XFsm.Native\dependencies\imgui-node-editor\misc\imgui_node_editor.natvis">
      <Filter>misc</Filter>
    </Natvis>
  </ItemGroup>
  <ItemGroup>
    <Filter Include="misc">
      <UniqueIdentifier>{845A12E8-9D28-3728-B0B6-F0F429665C5F}</UniqueIdentifier>
    </Filter>
  </ItemGroup>
</Project>
