<?xml version="1.0" encoding="utf-8"?>
<Project ToolsVersion="17.0" xmlns="http://schemas.microsoft.com/developer/msbuild/2003">
  <ItemGroup>
    <ClCompile Include="F:\source\repos\SharpPluginLoaderExamples\XFsm.Native\dependencies\imgui-node-editor\examples\widgets-example\widgets-example.cpp" />
  </ItemGroup>
  <ItemGroup>
    <CustomBuild Include="F:\source\repos\SharpPluginLoaderExamples\XFsm.Native\dependencies\imgui-node-editor\examples\widgets-example\CMakeLists.txt" />
  </ItemGroup>
  <ItemGroup>
    <None Include="F:\source\repos\SharpPluginLoaderExamples\XFsm.Native\dependencies\imgui-node-editor\examples\data\Cuprum-Bold.ttf">
      <Filter>data</Filter>
    </None>
    <None Include="F:\source\repos\SharpPluginLoaderExamples\XFsm.Native\dependencies\imgui-node-editor\examples\data\Cuprum-OFL.txt">
      <Filter>data</Filter>
    </None>
    <None Include="F:\source\repos\SharpPluginLoaderExamples\XFsm.Native\dependencies\imgui-node-editor\examples\data\Oswald-OFL.txt">
      <Filter>data</Filter>
    </None>
    <None Include="F:\source\repos\SharpPluginLoaderExamples\XFsm.Native\dependencies\imgui-node-editor\examples\data\Oswald-Regular.ttf">
      <Filter>data</Filter>
    </None>
    <None Include="F:\source\repos\SharpPluginLoaderExamples\XFsm.Native\dependencies\imgui-node-editor\examples\data\Play-OFL.txt">
      <Filter>data</Filter>
    </None>
    <None Include="F:\source\repos\SharpPluginLoaderExamples\XFsm.Native\dependencies\imgui-node-editor\examples\data\Play-Regular.ttf">
      <Filter>data</Filter>
    </None>
  </ItemGroup>
  <ItemGroup>
    <ResourceCompile Include="F:\source\repos\SharpPluginLoaderExamples\XFsm.Native\dependencies\imgui-node-editor\examples\widgets-example\Resource.rc">
      <Filter>resources</Filter>
    </ResourceCompile>
  </ItemGroup>
  <ItemGroup>
    <Filter Include="data">
      <UniqueIdentifier>{6388BD65-3FD1-3E62-A2F8-97623CEEAD2B}</UniqueIdentifier>
    </Filter>
    <Filter Include="resources">
      <UniqueIdentifier>{71D22CCF-3574-33D4-98A2-F3D793E4A17F}</UniqueIdentifier>
    </Filter>
  </ItemGroup>
</Project>
